
Microsoft Visual Studio Solution File, Format Version 12.00
# Visual Studio Version 16
VisualStudioVersion = 16.0.30717.126
MinimumVisualStudioVersion = 10.0.40219.1
Project("{FAE04EC0-301F-11D3-BF4B-00C04F79EFBC}") = "Teste.Timipro", "Teste.Timipro\Teste.Timipro.csproj", "{7CB21F75-2687-4659-8639-16372EB9AE69}"
EndProject
Global
	GlobalSection(SolutionConfigurationPlatforms) = preSolution
		Debug|Any CPU = Debug|Any CPU
		Release|Any CPU = Release|Any CPU
	EndGlobalSection
	GlobalSection(ProjectConfigurationPlatforms) = postSolution
		{7CB21F75-2687-4659-8639-16372EB9AE69}.Debug|Any CPU.ActiveCfg = Debug|Any CPU
		{7CB21F75-2687-4659-8639-16372EB9AE69}.Debug|Any CPU.Build.0 = Debug|Any CPU
		{7CB21F75-2687-4659-8639-16372EB9AE69}.Release|Any CPU.ActiveCfg = Release|Any CPU
		{7CB21F75-2687-4659-8639-16372EB9AE69}.Release|Any CPU.Build.0 = Release|Any CPU
	EndGlobalSection
	GlobalSection(SolutionProperties) = preSolution
		HideSolutionNode = FALSE
	EndGlobalSection
	GlobalSection(ExtensibilityGlobals) = postSolution
		SolutionGuid = {05B88432-130C-40DF-9831-45117671D017}
	EndGlobalSection
EndGlobal
